{
  "nodes": {
    "doomemacs": {
      "flake": false,
      "locked": {
        "lastModified": 1733434763,
        "narHash": "sha256-sebujw5VvBWMS+wXyjiGF81iyjPM/QQDnw5l7tDJCvk=",
        "owner": "doomemacs",
        "repo": "doomemacs",
        "rev": "ba1dca322f9a07bc2b7bec6a98f2c3c55c0bbd77",
        "type": "github"
      },
      "original": {
        "owner": "doomemacs",
        "repo": "doomemacs",
        "type": "github"
      }
    },
    "emacs-overlay": {
      "inputs": {
        "nixpkgs": [
          "nixpkgs"
        ],
        "nixpkgs-stable": "nixpkgs-stable"
      },
      "locked": {
        "lastModified": 1735438498,
        "narHash": "sha256-zVHyH34jY6naEqsJG06LlKulIyNiQMLEFBS/o+FYqXU=",
        "owner": "nix-community",
        "repo": "emacs-overlay",
        "rev": "4c344936ab4e21146d4fbe5806005a2e1b5c4844",
        "type": "github"
      },
      "original": {
        "owner": "nix-community",
        "repo": "emacs-overlay",
        "type": "github"
      }
    },
    "home-manager": {
      "inputs": {
        "nixpkgs": [
          "nixpkgs"
        ]
      },
      "locked": {
        "lastModified": 1735381016,
        "narHash": "sha256-CyCZFhMUkuYbSD6bxB/r43EdmDE7hYeZZPTCv0GudO4=",
        "owner": "nix-community",
        "repo": "home-manager",
        "rev": "10e99c43cdf4a0713b4e81d90691d22c6a58bdf2",
        "type": "github"
      },
      "original": {
        "owner": "nix-community",
        "ref": "master",
        "repo": "home-manager",
        "type": "github"
      }
    },
    "nix-darwin": {
      "inputs": {
        "nixpkgs": [
          "nixpkgs"
        ]
      },
      "locked": {
        "lastModified": 1735427049,
        "narHash": "sha256-rTpBl3xmKYDQTRWF8CRk/r1FoKPDVwqLHGoU7tfECvY=",
        "owner": "LnL7",
        "repo": "nix-darwin",
        "rev": "53a0c2fe6ed46ab33fc4a221c9f907a7b4c8a91c",
        "type": "github"
      },
      "original": {
        "owner": "LnL7",
        "repo": "nix-darwin",
        "type": "github"
      }
    },
    "nixpkgs": {
      "locked": {
        "lastModified": 1735268880,
        "narHash": "sha256-7QEFnKkzD13SPxs+UFR5bUFN2fRw+GlL0am72ZjNre4=",
        "owner": "NixOS",
        "repo": "nixpkgs",
        "rev": "7cc0bff31a3a705d3ac4fdceb030a17239412210",
        "type": "github"
      },
      "original": {
        "owner": "NixOS",
        "ref": "nixpkgs-unstable",
        "repo": "nixpkgs",
        "type": "github"
      }
    },
    "nixpkgs-stable": {
      "locked": {
        "lastModified": 1735264675,
        "narHash": "sha256-MgdXpeX2GuJbtlBrH9EdsUeWl/yXEubyvxM1G+yO4Ak=",
        "owner": "NixOS",
        "repo": "nixpkgs",
        "rev": "d49da4c08359e3c39c4e27c74ac7ac9b70085966",
        "type": "github"
      },
      "original": {
        "owner": "NixOS",
        "ref": "nixos-24.11",
        "repo": "nixpkgs",
        "type": "github"
      }
    },
    "root": {
      "inputs": {
        "doomemacs": "doomemacs",
        "emacs-overlay": "emacs-overlay",
        "home-manager": "home-manager",
        "nix-darwin": "nix-darwin",
        "nixpkgs": "nixpkgs"
      }
    }
  },
  "root": "root",
  "version": 7
}
